
Microsoft Visual Studio Solution File, Format Version 12.00
Project("{FAE04EC0-301F-11D3-BF4B-00C04F79EFBC}") = "SettingsModule", "SettingsModule\SettingsModule.csproj", "{9DD846E7-11DF-4ABF-8366-9468A392B8C0}"
EndProject
Project("{FAE04EC0-301F-11D3-BF4B-00C04F79EFBC}") = "BusinessLogicModule", "BusinessLogicModule\BusinessLogicModule.csproj", "{DF69DA04-3D4E-4701-9468-011328534DEC}"
EndProject
Project("{FAE04EC0-301F-11D3-BF4B-00C04F79EFBC}") = "UtilityHelperManager", "UtilityHelperManager\UtilityHelperManager.csproj", "{8DDC9965-9CE4-4E00-BD1B-492DA9604FB4}"
EndProject
Project("{FAE04EC0-301F-11D3-BF4B-00C04F79EFBC}") = "DatabaseAccessModule", "DatabaseAccessModule\DatabaseAccessModule.csproj", "{D474EB89-164C-4355-8C83-4C6EA28C0D30}"
EndProject
Project("{FAE04EC0-301F-11D3-BF4B-00C04F79EFBC}") = "CoreLogic", "CoreLogic\CoreLogic.csproj", "{58A8A0C0-FB20-4E27-B15C-CF67CCEAA525}"
EndProject
Project("{FAE04EC0-301F-11D3-BF4B-00C04F79EFBC}") = "BusinessCommons", "BusinessCommons\BusinessCommons.csproj", "{B5A0E1A0-E778-49AC-9C89-CE2D9369921A}"
EndProject
Project("{FAE04EC0-301F-11D3-BF4B-00C04F79EFBC}") = "FeatureAModule", "FeatureAModule\FeatureAModule.csproj", "{22F109FA-CDFF-4F23-AEDB-8A8BB39887AC}"
EndProject
Project("{FAE04EC0-301F-11D3-BF4B-00C04F79EFBC}") = "FeatureBModule", "FeatureBModule\FeatureBModule.csproj", "{0BE4B2EE-72F3-44F1-AB66-585D70175B6F}"
EndProject
Project("{FAE04EC0-301F-11D3-BF4B-00C04F79EFBC}") = "MultiFeatureModule", "MultiFeatureModule\MultiFeatureModule.csproj", "{FA64D8ED-BEFD-4509-9715-34D366829840}"
EndProject
Project("{FAE04EC0-301F-11D3-BF4B-00C04F79EFBC}") = "FeatureCModule", "FeatureCModule\FeatureCModule.csproj", "{1C416E30-CB27-4183-9DB6-D16437D4C2E7}"
EndProject
Project("{FAE04EC0-301F-11D3-BF4B-00C04F79EFBC}") = "FeatureDModule", "FeatureDModule\FeatureDModule.csproj", "{16076347-F745-4A5E-8DB6-08542A284EE5}"
EndProject
Project("{FAE04EC0-301F-11D3-BF4B-00C04F79EFBC}") = "InterfaceLibrary", "InterfaceLibrary\InterfaceLibrary.csproj", "{BBE6C5CF-9295-428E-A46C-06FDD5F88568}"
EndProject
Project("{FAE04EC0-301F-11D3-BF4B-00C04F79EFBC}") = "MemoryStorageAccessor", "MemoryStorageAccessor\MemoryStorageAccessor.csproj", "{6B988176-C783-4C1C-B218-ACB8672201A9}"
EndProject
Project("{2150E333-8FDC-42A3-9474-1A3956D46DE8}") = "Business", "Business", "{48A44D3D-1146-44AD-ABA6-A8B4BBA365EB}"
EndProject
Project("{2150E333-8FDC-42A3-9474-1A3956D46DE8}") = "Features", "Features", "{5F604856-FFA8-48AF-BA0C-B5B972D96591}"
EndProject
Global
	GlobalSection(SolutionConfigurationPlatforms) = preSolution
		Debug|Any CPU = Debug|Any CPU
		Release|Any CPU = Release|Any CPU
	EndGlobalSection
	GlobalSection(ProjectConfigurationPlatforms) = postSolution
		{9DD846E7-11DF-4ABF-8366-9468A392B8C0}.Debug|Any CPU.ActiveCfg = Debug|Any CPU
		{9DD846E7-11DF-4ABF-8366-9468A392B8C0}.Debug|Any CPU.Build.0 = Debug|Any CPU
		{9DD846E7-11DF-4ABF-8366-9468A392B8C0}.Release|Any CPU.ActiveCfg = Release|Any CPU
		{9DD846E7-11DF-4ABF-8366-9468A392B8C0}.Release|Any CPU.Build.0 = Release|Any CPU
		{DF69DA04-3D4E-4701-9468-011328534DEC}.Debug|Any CPU.ActiveCfg = Debug|Any CPU
		{DF69DA04-3D4E-4701-9468-011328534DEC}.Debug|Any CPU.Build.0 = Debug|Any CPU
		{DF69DA04-3D4E-4701-9468-011328534DEC}.Release|Any CPU.ActiveCfg = Release|Any CPU
		{DF69DA04-3D4E-4701-9468-011328534DEC}.Release|Any CPU.Build.0 = Release|Any CPU
		{8DDC9965-9CE4-4E00-BD1B-492DA9604FB4}.Debug|Any CPU.ActiveCfg = Debug|Any CPU
		{8DDC9965-9CE4-4E00-BD1B-492DA9604FB4}.Debug|Any CPU.Build.0 = Debug|Any CPU
		{8DDC9965-9CE4-4E00-BD1B-492DA9604FB4}.Release|Any CPU.ActiveCfg = Release|Any CPU
		{8DDC9965-9CE4-4E00-BD1B-492DA9604FB4}.Release|Any CPU.Build.0 = Release|Any CPU
		{D474EB89-164C-4355-8C83-4C6EA28C0D30}.Debug|Any CPU.ActiveCfg = Debug|Any CPU
		{D474EB89-164C-4355-8C83-4C6EA28C0D30}.Debug|Any CPU.Build.0 = Debug|Any CPU
		{D474EB89-164C-4355-8C83-4C6EA28C0D30}.Release|Any CPU.ActiveCfg = Release|Any CPU
		{D474EB89-164C-4355-8C83-4C6EA28C0D30}.Release|Any CPU.Build.0 = Release|Any CPU
		{58A8A0C0-FB20-4E27-B15C-CF67CCEAA525}.Debug|Any CPU.ActiveCfg = Debug|Any CPU
		{58A8A0C0-FB20-4E27-B15C-CF67CCEAA525}.Debug|Any CPU.Build.0 = Debug|Any CPU
		{58A8A0C0-FB20-4E27-B15C-CF67CCEAA525}.Release|Any CPU.ActiveCfg = Release|Any CPU
		{58A8A0C0-FB20-4E27-B15C-CF67CCEAA525}.Release|Any CPU.Build.0 = Release|Any CPU
		{B5A0E1A0-E778-49AC-9C89-CE2D9369921A}.Debug|Any CPU.ActiveCfg = Debug|Any CPU
		{B5A0E1A0-E778-49AC-9C89-CE2D9369921A}.Debug|Any CPU.Build.0 = Debug|Any CPU
		{B5A0E1A0-E778-49AC-9C89-CE2D9369921A}.Release|Any CPU.ActiveCfg = Release|Any CPU
		{B5A0E1A0-E778-49AC-9C89-CE2D9369921A}.Release|Any CPU.Build.0 = Release|Any CPU
		{22F109FA-CDFF-4F23-AEDB-8A8BB39887AC}.Debug|Any CPU.ActiveCfg = Debug|Any CPU
		{22F109FA-CDFF-4F23-AEDB-8A8BB39887AC}.Debug|Any CPU.Build.0 = Debug|Any CPU
		{22F109FA-CDFF-4F23-AEDB-8A8BB39887AC}.Release|Any CPU.ActiveCfg = Release|Any CPU
		{22F109FA-CDFF-4F23-AEDB-8A8BB39887AC}.Release|Any CPU.Build.0 = Release|Any CPU
		{0BE4B2EE-72F3-44F1-AB66-585D70175B6F}.Debug|Any CPU.ActiveCfg = Debug|Any CPU
		{0BE4B2EE-72F3-44F1-AB66-585D70175B6F}.Debug|Any CPU.Build.0 = Debug|Any CPU
		{0BE4B2EE-72F3-44F1-AB66-585D70175B6F}.Release|Any CPU.ActiveCfg = Release|Any CPU
		{0BE4B2EE-72F3-44F1-AB66-585D70175B6F}.Release|Any CPU.Build.0 = Release|Any CPU
		{FA64D8ED-BEFD-4509-9715-34D366829840}.Debug|Any CPU.ActiveCfg = Debug|Any CPU
		{FA64D8ED-BEFD-4509-9715-34D366829840}.Debug|Any CPU.Build.0 = Debug|Any CPU
		{FA64D8ED-BEFD-4509-9715-34D366829840}.Release|Any CPU.ActiveCfg = Release|Any CPU
		{FA64D8ED-BEFD-4509-9715-34D366829840}.Release|Any CPU.Build.0 = Release|Any CPU
		{1C416E30-CB27-4183-9DB6-D16437D4C2E7}.Debug|Any CPU.ActiveCfg = Debug|Any CPU
		{1C416E30-CB27-4183-9DB6-D16437D4C2E7}.Debug|Any CPU.Build.0 = Debug|Any CPU
		{1C416E30-CB27-4183-9DB6-D16437D4C2E7}.Release|Any CPU.ActiveCfg = Release|Any CPU
		{1C416E30-CB27-4183-9DB6-D16437D4C2E7}.Release|Any CPU.Build.0 = Release|Any CPU
		{16076347-F745-4A5E-8DB6-08542A284EE5}.Debug|Any CPU.ActiveCfg = Debug|Any CPU
		{16076347-F745-4A5E-8DB6-08542A284EE5}.Debug|Any CPU.Build.0 = Debug|Any CPU
		{16076347-F745-4A5E-8DB6-08542A284EE5}.Release|Any CPU.ActiveCfg = Release|Any CPU
		{16076347-F745-4A5E-8DB6-08542A284EE5}.Release|Any CPU.Build.0 = Release|Any CPU
		{BBE6C5CF-9295-428E-A46C-06FDD5F88568}.Debug|Any CPU.ActiveCfg = Debug|Any CPU
		{BBE6C5CF-9295-428E-A46C-06FDD5F88568}.Debug|Any CPU.Build.0 = Debug|Any CPU
		{BBE6C5CF-9295-428E-A46C-06FDD5F88568}.Release|Any CPU.ActiveCfg = Release|Any CPU
		{BBE6C5CF-9295-428E-A46C-06FDD5F88568}.Release|Any CPU.Build.0 = Release|Any CPU
		{6B988176-C783-4C1C-B218-ACB8672201A9}.Debug|Any CPU.ActiveCfg = Debug|Any CPU
		{6B988176-C783-4C1C-B218-ACB8672201A9}.Debug|Any CPU.Build.0 = Debug|Any CPU
		{6B988176-C783-4C1C-B218-ACB8672201A9}.Release|Any CPU.ActiveCfg = Release|Any CPU
		{6B988176-C783-4C1C-B218-ACB8672201A9}.Release|Any CPU.Build.0 = Release|Any CPU
	EndGlobalSection
	GlobalSection(NestedProjects) = preSolution
		{B5A0E1A0-E778-49AC-9C89-CE2D9369921A} = {48A44D3D-1146-44AD-ABA6-A8B4BBA365EB}
		{DF69DA04-3D4E-4701-9468-011328534DEC} = {48A44D3D-1146-44AD-ABA6-A8B4BBA365EB}
		{22F109FA-CDFF-4F23-AEDB-8A8BB39887AC} = {5F604856-FFA8-48AF-BA0C-B5B972D96591}
		{0BE4B2EE-72F3-44F1-AB66-585D70175B6F} = {5F604856-FFA8-48AF-BA0C-B5B972D96591}
		{1C416E30-CB27-4183-9DB6-D16437D4C2E7} = {5F604856-FFA8-48AF-BA0C-B5B972D96591}
		{16076347-F745-4A5E-8DB6-08542A284EE5} = {5F604856-FFA8-48AF-BA0C-B5B972D96591}
		{FA64D8ED-BEFD-4509-9715-34D366829840} = {5F604856-FFA8-48AF-BA0C-B5B972D96591}
	EndGlobalSection
EndGlobal
